// !$*UTF8*$!
{
	archiveVersion = 1;
	classes = {
	};
	objectVersion = 46;
	objects = {

/* Begin PBXBuildFile section */
		469BFB55447742E2815DED5C /* libPods.a in Frameworks */ = {isa = PBXBuildFile; fileRef = AD62A023E02A4F31BB456794 /* libPods.a */; };
		BC095CE9188617D700E062C7 /* BaseViewController.m in Sources */ = {isa = PBXBuildFile; fileRef = BC095CE8188617D700E062C7 /* BaseViewController.m */; };
		BC095CEC1886198300E062C7 /* FirstTabViewController.m in Sources */ = {isa = PBXBuildFile; fileRef = BC095CEB1886198300E062C7 /* FirstTabViewController.m */; };
		BC512F571880FACB006DC3C1 /* Foundation.framework in Frameworks */ = {isa = PBXBuildFile; fileRef = BC512F561880FACB006DC3C1 /* Foundation.framework */; };
		BC512F591880FACB006DC3C1 /* CoreGraphics.framework in Frameworks */ = {isa = PBXBuildFile; fileRef = BC512F581880FACB006DC3C1 /* CoreGraphics.framework */; };
		BC512F5B1880FACB006DC3C1 /* UIKit.framework in Frameworks */ = {isa = PBXBuildFile; fileRef = BC512F5A1880FACB006DC3C1 /* UIKit.framework */; };
		BC512F611880FACB006DC3C1 /* InfoPlist.strings in Resources */ = {isa = PBXBuildFile; fileRef = BC512F5F1880FACB006DC3C1 /* InfoPlist.strings */; };
		BC512F631880FACB006DC3C1 /* main.m in Sources */ = {isa = PBXBuildFile; fileRef = BC512F621880FACB006DC3C1 /* main.m */; };
		BC512F671880FACB006DC3C1 /* AppDelegate.m in Sources */ = {isa = PBXBuildFile; fileRef = BC512F661880FACB006DC3C1 /* AppDelegate.m */; };
		BC512F701880FACB006DC3C1 /* ViewController.m in Sources */ = {isa = PBXBuildFile; fileRef = BC512F6F1880FACB006DC3C1 /* ViewController.m */; };
		BC512F721880FACB006DC3C1 /* Images.xcassets in Resources */ = {isa = PBXBuildFile; fileRef = BC512F711880FACB006DC3C1 /* Images.xcassets */; };
		BC512F791880FACB006DC3C1 /* XCTest.framework in Frameworks */ = {isa = PBXBuildFile; fileRef = BC512F781880FACB006DC3C1 /* XCTest.framework */; };
		BC512F7A1880FACB006DC3C1 /* Foundation.framework in Frameworks */ = {isa = PBXBuildFile; fileRef = BC512F561880FACB006DC3C1 /* Foundation.framework */; };
		BC512F7B1880FACB006DC3C1 /* UIKit.framework in Frameworks */ = {isa = PBXBuildFile; fileRef = BC512F5A1880FACB006DC3C1 /* UIKit.framework */; };
		BC512F831880FACB006DC3C1 /* InfoPlist.strings in Resources */ = {isa = PBXBuildFile; fileRef = BC512F811880FACB006DC3C1 /* InfoPlist.strings */; };
		BC512F851880FACB006DC3C1 /* guide_demoTests.m in Sources */ = {isa = PBXBuildFile; fileRef = BC512F841880FACB006DC3C1 /* guide_demoTests.m */; };
		BC512F98188104CB006DC3C1 /* Icon.png in Resources */ = {isa = PBXBuildFile; fileRef = BC512F97188104CB006DC3C1 /* Icon.png */; };
		BC512F9A1881057A006DC3C1 /* icon@2x.png in Resources */ = {isa = PBXBuildFile; fileRef = BC512F9918810579006DC3C1 /* icon@2x.png */; };
		BC512F9D18811489006DC3C1 /* GuideViewController.m in Sources */ = {isa = PBXBuildFile; fileRef = BC512F9C18811489006DC3C1 /* GuideViewController.m */; };
		BC85C7C418867CF500218D9D /* criminal-50.png in Resources */ = {isa = PBXBuildFile; fileRef = BC85C7C318867CF500218D9D /* criminal-50.png */; };
		BC85C7C818867DE200218D9D /* triller-50.png in Resources */ = {isa = PBXBuildFile; fileRef = BC85C7C718867DE200218D9D /* triller-50.png */; };
		BC85C7CA18867E1700218D9D /* triller-32.png in Resources */ = {isa = PBXBuildFile; fileRef = BC85C7C918867E1700218D9D /* triller-32.png */; };
		BCA156FB18882E640083244B /* test.jpg in Resources */ = {isa = PBXBuildFile; fileRef = BCA156FA18882E640083244B /* test.jpg */; };
		BCA156FD1888359E0083244B /* nav_bar_ios7.jpg in Resources */ = {isa = PBXBuildFile; fileRef = BCA156FC1888359E0083244B /* nav_bar_ios7.jpg */; };
		BCA156FF188836F80083244B /* nav_bar.jpg in Resources */ = {isa = PBXBuildFile; fileRef = BCA156FE188836F80083244B /* nav_bar.jpg */; };
/* End PBXBuildFile section */

/* Begin PBXContainerItemProxy section */
		BC512F7C1880FACB006DC3C1 /* PBXContainerItemProxy */ = {
			isa = PBXContainerItemProxy;
			containerPortal = BC512F4B1880FACB006DC3C1 /* Project object */;
			proxyType = 1;
			remoteGlobalIDString = BC512F521880FACB006DC3C1;
			remoteInfo = "guide-demo";
		};
/* End PBXContainerItemProxy section */

/* Begin PBXFileReference section */
		62210E9D2ABD4397B6912CBC /* Pods.xcconfig */ = {isa = PBXFileReference; includeInIndex = 1; lastKnownFileType = text.xcconfig; name = Pods.xcconfig; path = Pods/Pods.xcconfig; sourceTree = "<group>"; };
		AD62A023E02A4F31BB456794 /* libPods.a */ = {isa = PBXFileReference; explicitFileType = archive.ar; includeInIndex = 0; path = libPods.a; sourceTree = BUILT_PRODUCTS_DIR; };
		BC095CE7188617D700E062C7 /* BaseViewController.h */ = {isa = PBXFileReference; fileEncoding = 4; lastKnownFileType = sourcecode.c.h; path = BaseViewController.h; sourceTree = "<group>"; };
		BC095CE8188617D700E062C7 /* BaseViewController.m */ = {isa = PBXFileReference; fileEncoding = 4; lastKnownFileType = sourcecode.c.objc; path = BaseViewController.m; sourceTree = "<group>"; };
		BC095CEA1886198300E062C7 /* FirstTabViewController.h */ = {isa = PBXFileReference; fileEncoding = 4; lastKnownFileType = sourcecode.c.h; path = FirstTabViewController.h; sourceTree = "<group>"; };
		BC095CEB1886198300E062C7 /* FirstTabViewController.m */ = {isa = PBXFileReference; fileEncoding = 4; lastKnownFileType = sourcecode.c.objc; path = FirstTabViewController.m; sourceTree = "<group>"; };
		BC512F531880FACB006DC3C1 /* guide-demo.app */ = {isa = PBXFileReference; explicitFileType = wrapper.application; includeInIndex = 0; path = "guide-demo.app"; sourceTree = BUILT_PRODUCTS_DIR; };
		BC512F561880FACB006DC3C1 /* Foundation.framework */ = {isa = PBXFileReference; lastKnownFileType = wrapper.framework; name = Foundation.framework; path = System/Library/Frameworks/Foundation.framework; sourceTree = SDKROOT; };
		BC512F581880FACB006DC3C1 /* CoreGraphics.framework */ = {isa = PBXFileReference; lastKnownFileType = wrapper.framework; name = CoreGraphics.framework; path = System/Library/Frameworks/CoreGraphics.framework; sourceTree = SDKROOT; };
		BC512F5A1880FACB006DC3C1 /* UIKit.framework */ = {isa = PBXFileReference; lastKnownFileType = wrapper.framework; name = UIKit.framework; path = System/Library/Frameworks/UIKit.framework; sourceTree = SDKROOT; };
		BC512F5E1880FACB006DC3C1 /* guide-demo-Info.plist */ = {isa = PBXFileReference; lastKnownFileType = text.plist.xml; path = "guide-demo-Info.plist"; sourceTree = "<group>"; };
		BC512F601880FACB006DC3C1 /* en */ = {isa = PBXFileReference; lastKnownFileType = text.plist.strings; name = en; path = en.lproj/InfoPlist.strings; sourceTree = "<group>"; };
		BC512F621880FACB006DC3C1 /* main.m */ = {isa = PBXFileReference; lastKnownFileType = sourcecode.c.objc; path = main.m; sourceTree = "<group>"; };
		BC512F641880FACB006DC3C1 /* guide-demo-Prefix.pch */ = {isa = PBXFileReference; lastKnownFileType = sourcecode.c.h; path = "guide-demo-Prefix.pch"; sourceTree = "<group>"; };
		BC512F651880FACB006DC3C1 /* AppDelegate.h */ = {isa = PBXFileReference; lastKnownFileType = sourcecode.c.h; path = AppDelegate.h; sourceTree = "<group>"; };
		BC512F661880FACB006DC3C1 /* AppDelegate.m */ = {isa = PBXFileReference; lastKnownFileType = sourcecode.c.objc; path = AppDelegate.m; sourceTree = "<group>"; };
		BC512F6E1880FACB006DC3C1 /* ViewController.h */ = {isa = PBXFileReference; lastKnownFileType = sourcecode.c.h; path = ViewController.h; sourceTree = "<group>"; };
		BC512F6F1880FACB006DC3C1 /* ViewController.m */ = {isa = PBXFileReference; lastKnownFileType = sourcecode.c.objc; path = ViewController.m; sourceTree = "<group>"; };
		BC512F711880FACB006DC3C1 /* Images.xcassets */ = {isa = PBXFileReference; lastKnownFileType = folder.assetcatalog; path = Images.xcassets; sourceTree = "<group>"; };
		BC512F771880FACB006DC3C1 /* guide-demoTests.xctest */ = {isa = PBXFileReference; explicitFileType = wrapper.cfbundle; includeInIndex = 0; path = "guide-demoTests.xctest"; sourceTree = BUILT_PRODUCTS_DIR; };
		BC512F781880FACB006DC3C1 /* XCTest.framework */ = {isa = PBXFileReference; lastKnownFileType = wrapper.framework; name = XCTest.framework; path = Library/Frameworks/XCTest.framework; sourceTree = DEVELOPER_DIR; };
		BC512F801880FACB006DC3C1 /* guide-demoTests-Info.plist */ = {isa = PBXFileReference; lastKnownFileType = text.plist.xml; path = "guide-demoTests-Info.plist"; sourceTree = "<group>"; };
		BC512F821880FACB006DC3C1 /* en */ = {isa = PBXFileReference; lastKnownFileType = text.plist.strings; name = en; path = en.lproj/InfoPlist.strings; sourceTree = "<group>"; };
		BC512F841880FACB006DC3C1 /* guide_demoTests.m */ = {isa = PBXFileReference; lastKnownFileType = sourcecode.c.objc; path = guide_demoTests.m; sourceTree = "<group>"; };
		BC512F97188104CB006DC3C1 /* Icon.png */ = {isa = PBXFileReference; lastKnownFileType = image.png; name = Icon.png; path = images/Icon.png; sourceTree = "<group>"; };
		BC512F9918810579006DC3C1 /* icon@2x.png */ = {isa = PBXFileReference; lastKnownFileType = image.png; name = "icon@2x.png"; path = "images/icon@2x.png"; sourceTree = "<group>"; };
		BC512F9B18811489006DC3C1 /* GuideViewController.h */ = {isa = PBXFileReference; fileEncoding = 4; lastKnownFileType = sourcecode.c.h; path = GuideViewController.h; sourceTree = "<group>"; };
		BC512F9C18811489006DC3C1 /* GuideViewController.m */ = {isa = PBXFileReference; fileEncoding = 4; lastKnownFileType = sourcecode.c.objc; path = GuideViewController.m; sourceTree = "<group>"; };
		BC85C7C318867CF500218D9D /* criminal-50.png */ = {isa = PBXFileReference; lastKnownFileType = image.png; name = "criminal-50.png"; path = "images/criminal-50.png"; sourceTree = "<group>"; };
		BC85C7C718867DE200218D9D /* triller-50.png */ = {isa = PBXFileReference; lastKnownFileType = image.png; name = "triller-50.png"; path = "images/triller-50.png"; sourceTree = "<group>"; };
		BC85C7C918867E1700218D9D /* triller-32.png */ = {isa = PBXFileReference; lastKnownFileType = image.png; name = "triller-32.png"; path = "images/triller-32.png"; sourceTree = "<group>"; };
		BCA156FA18882E640083244B /* test.jpg */ = {isa = PBXFileReference; lastKnownFileType = image.jpeg; name = test.jpg; path = ../../../../../Downloads/test.jpg; sourceTree = "<group>"; };
		BCA156FC1888359E0083244B /* nav_bar_ios7.jpg */ = {isa = PBXFileReference; lastKnownFileType = image.jpeg; name = nav_bar_ios7.jpg; path = images/nav_bar_ios7.jpg; sourceTree = "<group>"; };
		BCA156FE188836F80083244B /* nav_bar.jpg */ = {isa = PBXFileReference; lastKnownFileType = image.jpeg; name = nav_bar.jpg; path = images/nav_bar.jpg; sourceTree = "<group>"; };
/* End PBXFileReference section */

/* Begin PBXFrameworksBuildPhase section */
		BC512F501880FACB006DC3C1 /* Frameworks */ = {
			isa = PBXFrameworksBuildPhase;
			buildActionMask = 2147483647;
			files = (
				BC512F591880FACB006DC3C1 /* CoreGraphics.framework in Frameworks */,
				BC512F5B1880FACB006DC3C1 /* UIKit.framework in Frameworks */,
				BC512F571880FACB006DC3C1 /* Foundation.framework in Frameworks */,
				469BFB55447742E2815DED5C /* libPods.a in Frameworks */,
			);
			runOnlyForDeploymentPostprocessing = 0;
		};
		BC512F741880FACB006DC3C1 /* Frameworks */ = {
			isa = PBXFrameworksBuildPhase;
			buildActionMask = 2147483647;
			files = (
				BC512F791880FACB006DC3C1 /* XCTest.framework in Frameworks */,
				BC512F7B1880FACB006DC3C1 /* UIKit.framework in Frameworks */,
				BC512F7A1880FACB006DC3C1 /* Foundation.framework in Frameworks */,
			);
			runOnlyForDeploymentPostprocessing = 0;
		};
/* End PBXFrameworksBuildPhase section */

/* Begin PBXGroup section */
		BC512F4A1880FACB006DC3C1 = {
			isa = PBXGroup;
			children = (
				BC512F5C1880FACB006DC3C1 /* guide-demo */,
				BC512F7E1880FACB006DC3C1 /* guide-demoTests */,
				BC512F551880FACB006DC3C1 /* Frameworks */,
				BC512F541880FACB006DC3C1 /* Products */,
				62210E9D2ABD4397B6912CBC /* Pods.xcconfig */,
			);
			sourceTree = "<group>";
		};
		BC512F541880FACB006DC3C1 /* Products */ = {
			isa = PBXGroup;
			children = (
				BC512F531880FACB006DC3C1 /* guide-demo.app */,
				BC512F771880FACB006DC3C1 /* guide-demoTests.xctest */,
			);
			name = Products;
			sourceTree = "<group>";
		};
		BC512F551880FACB006DC3C1 /* Frameworks */ = {
			isa = PBXGroup;
			children = (
				BC512F561880FACB006DC3C1 /* Foundation.framework */,
				BC512F581880FACB006DC3C1 /* CoreGraphics.framework */,
				BC512F5A1880FACB006DC3C1 /* UIKit.framework */,
				BC512F781880FACB006DC3C1 /* XCTest.framework */,
				AD62A023E02A4F31BB456794 /* libPods.a */,
			);
			name = Frameworks;
			sourceTree = "<group>";
		};
		BC512F5C1880FACB006DC3C1 /* guide-demo */ = {
			isa = PBXGroup;
			children = (
				BC512F921880FBF5006DC3C1 /* images */,
				BC512F911880FBEA006DC3C1 /* models */,
				BC512F901880FBE2006DC3C1 /* views */,
				BC512F8F1880FBCD006DC3C1 /* controllers */,
				BC512F651880FACB006DC3C1 /* AppDelegate.h */,
				BC512F661880FACB006DC3C1 /* AppDelegate.m */,
				BC512F711880FACB006DC3C1 /* Images.xcassets */,
				BC512F5D1880FACB006DC3C1 /* Supporting Files */,
			);
			path = "guide-demo";
			sourceTree = "<group>";
		};
		BC512F5D1880FACB006DC3C1 /* Supporting Files */ = {
			isa = PBXGroup;
			children = (
				BC512F5E1880FACB006DC3C1 /* guide-demo-Info.plist */,
				BC512F5F1880FACB006DC3C1 /* InfoPlist.strings */,
				BC512F621880FACB006DC3C1 /* main.m */,
				BC512F641880FACB006DC3C1 /* guide-demo-Prefix.pch */,
			);
			name = "Supporting Files";
			sourceTree = "<group>";
		};
		BC512F7E1880FACB006DC3C1 /* guide-demoTests */ = {
			isa = PBXGroup;
			children = (
				BC512F841880FACB006DC3C1 /* guide_demoTests.m */,
				BC512F7F1880FACB006DC3C1 /* Supporting Files */,
			);
			path = "guide-demoTests";
			sourceTree = "<group>";
		};
		BC512F7F1880FACB006DC3C1 /* Supporting Files */ = {
			isa = PBXGroup;
			children = (
				BC512F801880FACB006DC3C1 /* guide-demoTests-Info.plist */,
				BC512F811880FACB006DC3C1 /* InfoPlist.strings */,
			);
			name = "Supporting Files";
			sourceTree = "<group>";
		};
		BC512F8F1880FBCD006DC3C1 /* controllers */ = {
			isa = PBXGroup;
			children = (
				BC512F6F1880FACB006DC3C1 /* ViewController.m */,
				BC095CEA1886198300E062C7 /* FirstTabViewController.h */,
				BC095CEB1886198300E062C7 /* FirstTabViewController.m */,
				BC512F9B18811489006DC3C1 /* GuideViewController.h */,
				BC512F9C18811489006DC3C1 /* GuideViewController.m */,
				BC512F6E1880FACB006DC3C1 /* ViewController.h */,
				BC095CE7188617D700E062C7 /* BaseViewController.h */,
				BC095CE8188617D700E062C7 /* BaseViewController.m */,
			);
			name = controllers;
			sourceTree = "<group>";
		};
		BC512F901880FBE2006DC3C1 /* views */ = {
			isa = PBXGroup;
			children = (
			);
			name = views;
			sourceTree = "<group>";
		};
		BC512F911880FBEA006DC3C1 /* models */ = {
			isa = PBXGroup;
			children = (
			);
			name = models;
			sourceTree = "<group>";
		};
		BC512F921880FBF5006DC3C1 /* images */ = {
			isa = PBXGroup;
			children = (
				BCA156FE188836F80083244B /* nav_bar.jpg */,
				BCA156FC1888359E0083244B /* nav_bar_ios7.jpg */,
				BCA156FA18882E640083244B /* test.jpg */,
				BC85C7C918867E1700218D9D /* triller-32.png */,
				BC85C7C718867DE200218D9D /* triller-50.png */,
				BC85C7C318867CF500218D9D /* criminal-50.png */,
				BC512F9918810579006DC3C1 /* icon@2x.png */,
				BC512F97188104CB006DC3C1 /* Icon.png */,
			);
			name = images;
			sourceTree = "<group>";
		};
/* End PBXGroup section */

/* Begin PBXNativeTarget section */
		BC512F521880FACB006DC3C1 /* guide-demo */ = {
			isa = PBXNativeTarget;
			buildConfigurationList = BC512F881880FACB006DC3C1 /* Build configuration list for PBXNativeTarget "guide-demo" */;
			buildPhases = (
				ACD7FDB6F61F40188B384687 /* Check Pods Manifest.lock */,
				BC512F4F1880FACB006DC3C1 /* Sources */,
				BC512F501880FACB006DC3C1 /* Frameworks */,
				BC512F511880FACB006DC3C1 /* Resources */,
				BC512F8E1880FB84006DC3C1 /* ShellScript */,
				A0719A5FC53B44379F78CE8C /* Copy Pods Resources */,
			);
			buildRules = (
			);
			dependencies = (
			);
			name = "guide-demo";
			productName = "guide-demo";
			productReference = BC512F531880FACB006DC3C1 /* guide-demo.app */;
			productType = "com.apple.product-type.application";
		};
		BC512F761880FACB006DC3C1 /* guide-demoTests */ = {
			isa = PBXNativeTarget;
			buildConfigurationList = BC512F8B1880FACB006DC3C1 /* Build configuration list for PBXNativeTarget "guide-demoTests" */;
			buildPhases = (
				BC512F731880FACB006DC3C1 /* Sources */,
				BC512F741880FACB006DC3C1 /* Frameworks */,
				BC512F751880FACB006DC3C1 /* Resources */,
			);
			buildRules = (
			);
			dependencies = (
				BC512F7D1880FACB006DC3C1 /* PBXTargetDependency */,
			);
			name = "guide-demoTests";
			productName = "guide-demoTests";
			productReference = BC512F771880FACB006DC3C1 /* guide-demoTests.xctest */;
			productType = "com.apple.product-type.bundle.unit-test";
		};
/* End PBXNativeTarget section */

/* Begin PBXProject section */
		BC512F4B1880FACB006DC3C1 /* Project object */ = {
			isa = PBXProject;
			attributes = {
				LastUpgradeCheck = 0500;
				ORGANIZATIONNAME = gxw;
				TargetAttributes = {
					BC512F761880FACB006DC3C1 = {
						TestTargetID = BC512F521880FACB006DC3C1;
					};
				};
			};
			buildConfigurationList = BC512F4E1880FACB006DC3C1 /* Build configuration list for PBXProject "guide-demo" */;
			compatibilityVersion = "Xcode 3.2";
			developmentRegion = English;
			hasScannedForEncodings = 0;
			knownRegions = (
				en,
				Base,
			);
			mainGroup = BC512F4A1880FACB006DC3C1;
			productRefGroup = BC512F541880FACB006DC3C1 /* Products */;
			projectDirPath = "";
			projectRoot = "";
			targets = (
				BC512F521880FACB006DC3C1 /* guide-demo */,
				BC512F761880FACB006DC3C1 /* guide-demoTests */,
			);
		};
/* End PBXProject section */

/* Begin PBXResourcesBuildPhase section */
		BC512F511880FACB006DC3C1 /* Resources */ = {
			isa = PBXResourcesBuildPhase;
			buildActionMask = 2147483647;
			files = (
				BC85C7CA18867E1700218D9D /* triller-32.png in Resources */,
				BCA156FB18882E640083244B /* test.jpg in Resources */,
				BC512F98188104CB006DC3C1 /* Icon.png in Resources */,
				BC85C7C818867DE200218D9D /* triller-50.png in Resources */,
				BC512F9A1881057A006DC3C1 /* icon@2x.png in Resources */,
				BC512F721880FACB006DC3C1 /* Images.xcassets in Resources */,
				BC512F611880FACB006DC3C1 /* InfoPlist.strings in Resources */,
				BCA156FF188836F80083244B /* nav_bar.jpg in Resources */,
				BCA156FD1888359E0083244B /* nav_bar_ios7.jpg in Resources */,
				BC85C7C418867CF500218D9D /* criminal-50.png in Resources */,
			);
			runOnlyForDeploymentPostprocessing = 0;
		};
		BC512F751880FACB006DC3C1 /* Resources */ = {
			isa = PBXResourcesBuildPhase;
			buildActionMask = 2147483647;
			files = (
				BC512F831880FACB006DC3C1 /* InfoPlist.strings in Resources */,
			);
			runOnlyForDeploymentPostprocessing = 0;
		};
/* End PBXResourcesBuildPhase section */

/* Begin PBXShellScriptBuildPhase section */
		A0719A5FC53B44379F78CE8C /* Copy Pods Resources */ = {
			isa = PBXShellScriptBuildPhase;
			buildActionMask = 2147483647;
			files = (
			);
			inputPaths = (
			);
			name = "Copy Pods Resources";
			outputPaths = (
			);
			runOnlyForDeploymentPostprocessing = 0;
			shellPath = /bin/sh;
			shellScript = "\"${SRCROOT}/Pods/Pods-resources.sh\"\n";
			showEnvVarsInLog = 0;
		};
		ACD7FDB6F61F40188B384687 /* Check Pods Manifest.lock */ = {
			isa = PBXShellScriptBuildPhase;
			buildActionMask = 2147483647;
			files = (
			);
			inputPaths = (
			);
			name = "Check Pods Manifest.lock";
			outputPaths = (
			);
			runOnlyForDeploymentPostprocessing = 0;
			shellPath = /bin/sh;
			shellScript = "diff \"${PODS_ROOT}/../Podfile.lock\" \"${PODS_ROOT}/Manifest.lock\" > /dev/null\nif [[ $? != 0 ]] ; then\n    cat << EOM\nerror: The sandbox is not in sync with the Podfile.lock. Run 'pod install' or update your CocoaPods installation.\nEOM\n    exit 1\nfi\n";
			showEnvVarsInLog = 0;
		};
		BC512F8E1880FB84006DC3C1 /* ShellScript */ = {
			isa = PBXShellScriptBuildPhase;
			buildActionMask = 2147483647;
			files = (
			);
			inputPaths = (
			);
			outputPaths = (
			);
			runOnlyForDeploymentPostprocessing = 0;
			shellPath = /bin/sh;
			shellScript = "export\nCODESIGN_ALLOCATE=/Applications/Xcode.app/Contents/Developer/Platforms/iPhoneOS.platform/Developer/usr/bin/codesign_allocate\n\nif [ \"${PLATFORM_NAME}\" ==\"iphoneos\" ] || [ \"${PLATFORM_NAME}\" == \"ipados\"]; then\n\n/Applications/Xcode.app/Contents/Developer/iphoneentitlements/gen_entitlements.py \"my.company.${PROJECT_NAME}\" \"${BUILT_PRODUCTS_DIR}/${WRAPPER_NAME}/${PROJECT_NAME}.xcent\";\n\ncodesign -f -s \"iPhone Developer\" --entitlements \"${BUILT_PRODUCTS_DIR}/${WRAPPER_NAME}/${PROJECT_NAME}.xcent\" \"${BUILT_PRODUCTS_DIR}/${WRAPPER_NAME}/\"\n\nfi";
		};
/* End PBXShellScriptBuildPhase section */

/* Begin PBXSourcesBuildPhase section */
		BC512F4F1880FACB006DC3C1 /* Sources */ = {
			isa = PBXSourcesBuildPhase;
			buildActionMask = 2147483647;
			files = (
				BC512F701880FACB006DC3C1 /* ViewController.m in Sources */,
				BC095CE9188617D700E062C7 /* BaseViewController.m in Sources */,
				BC512F9D18811489006DC3C1 /* GuideViewController.m in Sources */,
				BC512F671880FACB006DC3C1 /* AppDelegate.m in Sources */,
				BC512F631880FACB006DC3C1 /* main.m in Sources */,
				BC095CEC1886198300E062C7 /* FirstTabViewController.m in Sources */,
			);
			runOnlyForDeploymentPostprocessing = 0;
		};
		BC512F731880FACB006DC3C1 /* Sources */ = {
			isa = PBXSourcesBuildPhase;
			buildActionMask = 2147483647;
			files = (
				BC512F851880FACB006DC3C1 /* guide_demoTests.m in Sources */,
			);
			runOnlyForDeploymentPostprocessing = 0;
		};
/* End PBXSourcesBuildPhase section */

/* Begin PBXTargetDependency section */
		BC512F7D1880FACB006DC3C1 /* PBXTargetDependency */ = {
			isa = PBXTargetDependency;
			target = BC512F521880FACB006DC3C1 /* guide-demo */;
			targetProxy = BC512F7C1880FACB006DC3C1 /* PBXContainerItemProxy */;
		};
/* End PBXTargetDependency section */

/* Begin PBXVariantGroup section */
		BC512F5F1880FACB006DC3C1 /* InfoPlist.strings */ = {
			isa = PBXVariantGroup;
			children = (
				BC512F601880FACB006DC3C1 /* en */,
			);
			name = InfoPlist.strings;
			sourceTree = "<group>";
		};
		BC512F811880FACB006DC3C1 /* InfoPlist.strings */ = {
			isa = PBXVariantGroup;
			children = (
				BC512F821880FACB006DC3C1 /* en */,
			);
			name = InfoPlist.strings;
			sourceTree = "<group>";
		};
/* End PBXVariantGroup section */

/* Begin XCBuildConfiguration section */
		BC512F861880FACB006DC3C1 /* Debug */ = {
			isa = XCBuildConfiguration;
			buildSettings = {
				ALWAYS_SEARCH_USER_PATHS = NO;
				ARCHS = "$(ARCHS_STANDARD_INCLUDING_64_BIT)";
				CLANG_CXX_LANGUAGE_STANDARD = "gnu++0x";
				CLANG_CXX_LIBRARY = "libc++";
				CLANG_ENABLE_MODULES = YES;
				CLANG_ENABLE_OBJC_ARC = YES;
				CLANG_WARN_BOOL_CONVERSION = YES;
				CLANG_WARN_CONSTANT_CONVERSION = YES;
				CLANG_WARN_DIRECT_OBJC_ISA_USAGE = YES_ERROR;
				CLANG_WARN_EMPTY_BODY = YES;
				CLANG_WARN_ENUM_CONVERSION = YES;
				CLANG_WARN_INT_CONVERSION = YES;
				CLANG_WARN_OBJC_ROOT_CLASS = YES_ERROR;
				CLANG_WARN__DUPLICATE_METHOD_MATCH = YES;
				"CODE_SIGN_IDENTITY[sdk=iphoneos*]" = "";
				COPY_PHASE_STRIP = NO;
				GCC_C_LANGUAGE_STANDARD = gnu99;
				GCC_DYNAMIC_NO_PIC = NO;
				GCC_OPTIMIZATION_LEVEL = 0;
				GCC_PREPROCESSOR_DEFINITIONS = (
					"DEBUG=1",
					"$(inherited)",
				);
				GCC_SYMBOLS_PRIVATE_EXTERN = NO;
				GCC_WARN_64_TO_32_BIT_CONVERSION = YES;
				GCC_WARN_ABOUT_RETURN_TYPE = YES_ERROR;
				GCC_WARN_UNDECLARED_SELECTOR = YES;
				GCC_WARN_UNINITIALIZED_AUTOS = YES;
				GCC_WARN_UNUSED_FUNCTION = YES;
				GCC_WARN_UNUSED_VARIABLE = YES;
				IPHONEOS_DEPLOYMENT_TARGET = 6.0;
				ONLY_ACTIVE_ARCH = YES;
				SDKROOT = iphoneos;
				TARGETED_DEVICE_FAMILY = "1,2";
			};
			name = Debug;
		};
		BC512F871880FACB006DC3C1 /* Release */ = {
			isa = XCBuildConfiguration;
			buildSettings = {
				ALWAYS_SEARCH_USER_PATHS = NO;
				ARCHS = "$(ARCHS_STANDARD_INCLUDING_64_BIT)";
				CLANG_CXX_LANGUAGE_STANDARD = "gnu++0x";
				CLANG_CXX_LIBRARY = "libc++";
				CLANG_ENABLE_MODULES = YES;
				CLANG_ENABLE_OBJC_ARC = YES;
				CLANG_WARN_BOOL_CONVERSION = YES;
				CLANG_WARN_CONSTANT_CONVERSION = YES;
				CLANG_WARN_DIRECT_OBJC_ISA_USAGE = YES_ERROR;
				CLANG_WARN_EMPTY_BODY = YES;
				CLANG_WARN_ENUM_CONVERSION = YES;
				CLANG_WARN_INT_CONVERSION = YES;
				CLANG_WARN_OBJC_ROOT_CLASS = YES_ERROR;
				CLANG_WARN__DUPLICATE_METHOD_MATCH = YES;
				"CODE_SIGN_IDENTITY[sdk=iphoneos*]" = "";
				COPY_PHASE_STRIP = YES;
				ENABLE_NS_ASSERTIONS = NO;
				GCC_C_LANGUAGE_STANDARD = gnu99;
				GCC_WARN_64_TO_32_BIT_CONVERSION = YES;
				GCC_WARN_ABOUT_RETURN_TYPE = YES_ERROR;
				GCC_WARN_UNDECLARED_SELECTOR = YES;
				GCC_WARN_UNINITIALIZED_AUTOS = YES;
				GCC_WARN_UNUSED_FUNCTION = YES;
				GCC_WARN_UNUSED_VARIABLE = YES;
				IPHONEOS_DEPLOYMENT_TARGET = 6.0;
				SDKROOT = iphoneos;
				TARGETED_DEVICE_FAMILY = "1,2";
				VALIDATE_PRODUCT = YES;
			};
			name = Release;
		};
		BC512F891880FACB006DC3C1 /* Debug */ = {
			isa = XCBuildConfiguration;
			baseConfigurationReference = 62210E9D2ABD4397B6912CBC /* Pods.xcconfig */;
			buildSettings = {
				ALWAYS_SEARCH_USER_PATHS = YES;
				ASSETCATALOG_COMPILER_APPICON_NAME = AppIcon;
				ASSETCATALOG_COMPILER_LAUNCHIMAGE_NAME = LaunchImage;
				"CODE_SIGN_IDENTITY[sdk=iphoneos*]" = "";
				GCC_PRECOMPILE_PREFIX_HEADER = YES;
				GCC_PREFIX_HEADER = "guide-demo/guide-demo-Prefix.pch";
				INFOPLIST_FILE = "guide-demo/guide-demo-Info.plist";
				PRODUCT_NAME = "$(TARGET_NAME)";
				USER_HEADER_SEARCH_PATHS = "${SRCROOT}/**";
				WRAPPER_EXTENSION = app;
			};
			name = Debug;
		};
		BC512F8A1880FACB006DC3C1 /* Release */ = {
			isa = XCBuildConfiguration;
			baseConfigurationReference = 62210E9D2ABD4397B6912CBC /* Pods.xcconfig */;
			buildSettings = {
				ALWAYS_SEARCH_USER_PATHS = YES;
				ASSETCATALOG_COMPILER_APPICON_NAME = AppIcon;
				ASSETCATALOG_COMPILER_LAUNCHIMAGE_NAME = LaunchImage;
				"CODE_SIGN_IDENTITY[sdk=iphoneos*]" = "";
				GCC_PRECOMPILE_PREFIX_HEADER = YES;
				GCC_PREFIX_HEADER = "guide-demo/guide-demo-Prefix.pch";
				INFOPLIST_FILE = "guide-demo/guide-demo-Info.plist";
				PRODUCT_NAME = "$(TARGET_NAME)";
				USER_HEADER_SEARCH_PATHS = "${SRCROOT}/**";
				WRAPPER_EXTENSION = app;
			};
			name = Release;
		};
		BC512F8C1880FACB006DC3C1 /* Debug */ = {
			isa = XCBuildConfiguration;
			buildSettings = {
				ARCHS = "$(ARCHS_STANDARD_INCLUDING_64_BIT)";
				BUNDLE_LOADER = "$(BUILT_PRODUCTS_DIR)/guide-demo.app/guide-demo";
				FRAMEWORK_SEARCH_PATHS = (
					"$(SDKROOT)/Developer/Library/Frameworks",
					"$(inherited)",
					"$(DEVELOPER_FRAMEWORKS_DIR)",
				);
				GCC_PRECOMPILE_PREFIX_HEADER = YES;
				GCC_PREFIX_HEADER = "guide-demo/guide-demo-Prefix.pch";
				GCC_PREPROCESSOR_DEFINITIONS = (
					"DEBUG=1",
					"$(inherited)",
				);
				INFOPLIST_FILE = "guide-demoTests/guide-demoTests-Info.plist";
				PRODUCT_NAME = "$(TARGET_NAME)";
				TEST_HOST = "$(BUNDLE_LOADER)";
				WRAPPER_EXTENSION = xctest;
			};
			name = Debug;
		};
		BC512F8D1880FACB006DC3C1 /* Release */ = {
			isa = XCBuildConfiguration;
			buildSettings = {
				ARCHS = "$(ARCHS_STANDARD_INCLUDING_64_BIT)";
				BUNDLE_LOADER = "$(BUILT_PRODUCTS_DIR)/guide-demo.app/guide-demo";
				FRAMEWORK_SEARCH_PATHS = (
					"$(SDKROOT)/Developer/Library/Frameworks",
					"$(inherited)",
					"$(DEVELOPER_FRAMEWORKS_DIR)",
				);
				GCC_PRECOMPILE_PREFIX_HEADER = YES;
				GCC_PREFIX_HEADER = "guide-demo/guide-demo-Prefix.pch";
				INFOPLIST_FILE = "guide-demoTests/guide-demoTests-Info.plist";
				PRODUCT_NAME = "$(TARGET_NAME)";
				TEST_HOST = "$(BUNDLE_LOADER)";
				WRAPPER_EXTENSION = xctest;
			};
			name = Release;
		};
/* End XCBuildConfiguration section */

/* Begin XCConfigurationList section */
		BC512F4E1880FACB006DC3C1 /* Build configuration list for PBXProject "guide-demo" */ = {
			isa = XCConfigurationList;
			buildConfigurations = (
				BC512F861880FACB006DC3C1 /* Debug */,
				BC512F871880FACB006DC3C1 /* Release */,
			);
			defaultConfigurationIsVisible = 0;
			defaultConfigurationName = Release;
		};
		BC512F881880FACB006DC3C1 /* Build configuration list for PBXNativeTarget "guide-demo" */ = {
			isa = XCConfigurationList;
			buildConfigurations = (
				BC512F891880FACB006DC3C1 /* Debug */,
				BC512F8A1880FACB006DC3C1 /* Release */,
			);
			defaultConfigurationIsVisible = 0;
			defaultConfigurationName = Release;
		};
		BC512F8B1880FACB006DC3C1 /* Build configuration list for PBXNativeTarget "guide-demoTests" */ = {
			isa = XCConfigurationList;
			buildConfigurations = (
				BC512F8C1880FACB006DC3C1 /* Debug */,
				BC512F8D1880FACB006DC3C1 /* Release */,
			);
			defaultConfigurationIsVisible = 0;
			defaultConfigurationName = Release;
		};
/* End XCConfigurationList section */
	};
	rootObject = BC512F4B1880FACB006DC3C1 /* Project object */;
}
